
Microsoft Visual Studio Solution File, Format Version 12.00
Project("{FAE04EC0-301F-11D3-BF4B-00C04F79EFBC}") = "InventarWorkerService", "InventarWorkerService\InventarWorkerService.csproj", "{9777D2A1-CAF4-4BE0-A85E-20231BCCCCBD}"
EndProject
Project("{FAE04EC0-301F-11D3-BF4B-00C04F79EFBC}") = "CtrlWorkerServiceApp", "CtrlWorkerServiceApp\CtrlWorkerServiceApp.csproj", "{8EDA5EF1-C215-411A-9A99-169D1D879C6F}"
EndProject
Project("{FAE04EC0-301F-11D3-BF4B-00C04F79EFBC}") = "ServiceStatusReaderApp", "ServiceStatusReaderApp\ServiceStatusReaderApp.csproj", "{39041A24-C42D-4B67-83DF-C6466B31207F}"
EndProject
Project("{FAE04EC0-301F-11D3-BF4B-00C04F79EFBC}") = "InventarViewerApp", "InventarViewerApp\InventarViewerApp.csproj", "{F956AC80-CB8F-4A89-B913-ADBD3A3A248C}"
EndProject
Project("{FAE04EC0-301F-11D3-BF4B-00C04F79EFBC}") = "CtrlWorkerServiceCmdlet", "CtrlWorkerServiceCmdlet\CtrlWorkerServiceCmdlet.csproj", "{4B1BC005-F2CA-4F20-A935-5B969AD06FF6}"
EndProject
Project("{FAE04EC0-301F-11D3-BF4B-00C04F79EFBC}") = "InventarWorkerCommon", "InventarWorkerCommon\InventarWorkerCommon.csproj", "{A258084B-10CF-42D6-9FD0-22EF315E8942}"
EndProject
Project("{FAE04EC0-301F-11D3-BF4B-00C04F79EFBC}") = "CtrlWorkerCommon", "CtrlWorkerCommon\CtrlWorkerCommon.csproj", "{3159BF57-97B7-44BA-A53C-E014CB61ACD8}"
EndProject
Project("{FAE04EC0-301F-11D3-BF4B-00C04F79EFBC}") = "CtrlWorkerCommonTest", "CtrlWorkerCommonTest\CtrlWorkerCommonTest.csproj", "{FA02443D-8AF4-476B-B5AA-7DE72CB8DA13}"
EndProject
Project("{FAE04EC0-301F-11D3-BF4B-00C04F79EFBC}") = "InventarWorkerCommonTest", "InventarWorkerCommonTest\InventarWorkerCommonTest.csproj", "{3F10ED67-3D8E-4ACB-B0A0-527CE03495D4}"
EndProject
Project("{FAE04EC0-301F-11D3-BF4B-00C04F79EFBC}") = "InventarWorkerServiceIntegrationTest", "InventarWorkerServiceIntegrationTest\InventarWorkerServiceIntegrationTest.csproj", "{6720630E-084B-48C8-9D8D-5A9BFB86A509}"
EndProject
Project("{FAE04EC0-301F-11D3-BF4B-00C04F79EFBC}") = "HarvesterWorkerService", "HarvesterWorkerService\HarvesterWorkerService.csproj", "{97E4AF71-767B-4215-91D8-BFBB547B7E9A}"
EndProject
Global
	GlobalSection(SolutionConfigurationPlatforms) = preSolution
		Debug|Any CPU = Debug|Any CPU
		Release|Any CPU = Release|Any CPU
	EndGlobalSection
	GlobalSection(ProjectConfigurationPlatforms) = postSolution
		{9777D2A1-CAF4-4BE0-A85E-20231BCCCCBD}.Debug|Any CPU.ActiveCfg = Debug|Any CPU
		{9777D2A1-CAF4-4BE0-A85E-20231BCCCCBD}.Debug|Any CPU.Build.0 = Debug|Any CPU
		{9777D2A1-CAF4-4BE0-A85E-20231BCCCCBD}.Release|Any CPU.ActiveCfg = Release|Any CPU
		{9777D2A1-CAF4-4BE0-A85E-20231BCCCCBD}.Release|Any CPU.Build.0 = Release|Any CPU
		{8EDA5EF1-C215-411A-9A99-169D1D879C6F}.Debug|Any CPU.ActiveCfg = Debug|Any CPU
		{8EDA5EF1-C215-411A-9A99-169D1D879C6F}.Debug|Any CPU.Build.0 = Debug|Any CPU
		{8EDA5EF1-C215-411A-9A99-169D1D879C6F}.Release|Any CPU.ActiveCfg = Release|Any CPU
		{8EDA5EF1-C215-411A-9A99-169D1D879C6F}.Release|Any CPU.Build.0 = Release|Any CPU
		{39041A24-C42D-4B67-83DF-C6466B31207F}.Debug|Any CPU.ActiveCfg = Debug|Any CPU
		{39041A24-C42D-4B67-83DF-C6466B31207F}.Debug|Any CPU.Build.0 = Debug|Any CPU
		{39041A24-C42D-4B67-83DF-C6466B31207F}.Release|Any CPU.ActiveCfg = Release|Any CPU
		{39041A24-C42D-4B67-83DF-C6466B31207F}.Release|Any CPU.Build.0 = Release|Any CPU
		{F956AC80-CB8F-4A89-B913-ADBD3A3A248C}.Debug|Any CPU.ActiveCfg = Debug|Any CPU
		{F956AC80-CB8F-4A89-B913-ADBD3A3A248C}.Debug|Any CPU.Build.0 = Debug|Any CPU
		{F956AC80-CB8F-4A89-B913-ADBD3A3A248C}.Release|Any CPU.ActiveCfg = Release|Any CPU
		{F956AC80-CB8F-4A89-B913-ADBD3A3A248C}.Release|Any CPU.Build.0 = Release|Any CPU
		{4B1BC005-F2CA-4F20-A935-5B969AD06FF6}.Debug|Any CPU.ActiveCfg = Debug|Any CPU
		{4B1BC005-F2CA-4F20-A935-5B969AD06FF6}.Debug|Any CPU.Build.0 = Debug|Any CPU
		{4B1BC005-F2CA-4F20-A935-5B969AD06FF6}.Release|Any CPU.ActiveCfg = Release|Any CPU
		{4B1BC005-F2CA-4F20-A935-5B969AD06FF6}.Release|Any CPU.Build.0 = Release|Any CPU
		{A258084B-10CF-42D6-9FD0-22EF315E8942}.Debug|Any CPU.ActiveCfg = Debug|Any CPU
		{A258084B-10CF-42D6-9FD0-22EF315E8942}.Debug|Any CPU.Build.0 = Debug|Any CPU
		{A258084B-10CF-42D6-9FD0-22EF315E8942}.Release|Any CPU.ActiveCfg = Release|Any CPU
		{A258084B-10CF-42D6-9FD0-22EF315E8942}.Release|Any CPU.Build.0 = Release|Any CPU
		{3159BF57-97B7-44BA-A53C-E014CB61ACD8}.Debug|Any CPU.ActiveCfg = Debug|Any CPU
		{3159BF57-97B7-44BA-A53C-E014CB61ACD8}.Debug|Any CPU.Build.0 = Debug|Any CPU
		{3159BF57-97B7-44BA-A53C-E014CB61ACD8}.Release|Any CPU.ActiveCfg = Release|Any CPU
		{3159BF57-97B7-44BA-A53C-E014CB61ACD8}.Release|Any CPU.Build.0 = Release|Any CPU
		{FA02443D-8AF4-476B-B5AA-7DE72CB8DA13}.Debug|Any CPU.ActiveCfg = Debug|Any CPU
		{FA02443D-8AF4-476B-B5AA-7DE72CB8DA13}.Debug|Any CPU.Build.0 = Debug|Any CPU
		{FA02443D-8AF4-476B-B5AA-7DE72CB8DA13}.Release|Any CPU.ActiveCfg = Release|Any CPU
		{FA02443D-8AF4-476B-B5AA-7DE72CB8DA13}.Release|Any CPU.Build.0 = Release|Any CPU
		{3F10ED67-3D8E-4ACB-B0A0-527CE03495D4}.Debug|Any CPU.ActiveCfg = Debug|Any CPU
		{3F10ED67-3D8E-4ACB-B0A0-527CE03495D4}.Debug|Any CPU.Build.0 = Debug|Any CPU
		{3F10ED67-3D8E-4ACB-B0A0-527CE03495D4}.Release|Any CPU.ActiveCfg = Release|Any CPU
		{3F10ED67-3D8E-4ACB-B0A0-527CE03495D4}.Release|Any CPU.Build.0 = Release|Any CPU
		{6720630E-084B-48C8-9D8D-5A9BFB86A509}.Debug|Any CPU.ActiveCfg = Debug|Any CPU
		{6720630E-084B-48C8-9D8D-5A9BFB86A509}.Debug|Any CPU.Build.0 = Debug|Any CPU
		{6720630E-084B-48C8-9D8D-5A9BFB86A509}.Release|Any CPU.ActiveCfg = Release|Any CPU
		{6720630E-084B-48C8-9D8D-5A9BFB86A509}.Release|Any CPU.Build.0 = Release|Any CPU
		{97E4AF71-767B-4215-91D8-BFBB547B7E9A}.Debug|Any CPU.ActiveCfg = Debug|Any CPU
		{97E4AF71-767B-4215-91D8-BFBB547B7E9A}.Debug|Any CPU.Build.0 = Debug|Any CPU
		{97E4AF71-767B-4215-91D8-BFBB547B7E9A}.Release|Any CPU.ActiveCfg = Release|Any CPU
		{97E4AF71-767B-4215-91D8-BFBB547B7E9A}.Release|Any CPU.Build.0 = Release|Any CPU
	EndGlobalSection
EndGlobal
